# Generated by pub
# See https://dart.dev/tools/pub/glossary#lockfile
packages:
  _fe_analyzer_shared:
    dependency: transitive
    description:
      name: _fe_analyzer_shared
      sha256: ae92f5d747aee634b87f89d9946000c2de774be1d6ac3e58268224348cd0101a
      url: "https://pub.dev"
    source: hosted
    version: "61.0.0"
  _flutterfire_internals:
    dependency: transitive
    description:
      name: _flutterfire_internals
      sha256: "5dce45a06d386358334eb1689108db6455d90ceb0d75848d5f4819283d4ee2b8"
      url: "https://pub.dev"
    source: hosted
    version: "1.3.4"
  analyzer:
    dependency: transitive
    description:
      name: analyzer
      sha256: ea3d8652bda62982addfd92fdc2d0214e5f82e43325104990d4f4c4a2a313562
      url: "https://pub.dev"
    source: hosted
    version: "5.13.0"
  android_intent:
    dependency: transitive
    description:
      name: android_intent
      sha256: "498b451c6be831de2fe032290a8699d2a185c9c6de3bbe6d90db1623a9f62321"
      url: "https://pub.dev"
    source: hosted
    version: "2.0.2"
  animated_login:
    dependency: "direct main"
    description:
      name: animated_login
      sha256: bada11dc621971f55aaee1e2f09e59caca4975b896fe8c06cd71fd16df7704db
      url: "https://pub.dev"
    source: hosted
    version: "1.7.0"
  animations:
    dependency: transitive
    description:
      name: animations
      sha256: fe8a6bdca435f718bb1dc8a11661b2c22504c6da40ef934cee8327ed77934164
      url: "https://pub.dev"
    source: hosted
    version: "2.0.7"
  archive:
    dependency: transitive
    description:
      name: archive
      sha256: "0c8368c9b3f0abbc193b9d6133649a614204b528982bebc7026372d61677ce3a"
      url: "https://pub.dev"
    source: hosted
    version: "3.3.7"
  args:
    dependency: transitive
    description:
      name: args
      sha256: eef6c46b622e0494a36c5a12d10d77fb4e855501a91c1b9ef9339326e58f0596
      url: "https://pub.dev"
    source: hosted
    version: "2.4.2"
  async:
    dependency: transitive
    description:
      name: async
      sha256: "947bfcf187f74dbc5e146c9eb9c0f10c9f8b30743e341481c1e2ed3ecc18c20c"
      url: "https://pub.dev"
    source: hosted
    version: "2.11.0"
  boolean_selector:
    dependency: transitive
    description:
      name: boolean_selector
      sha256: "6cfb5af12253eaf2b368f07bacc5a80d1301a071c73360d746b7f2e32d762c66"
      url: "https://pub.dev"
    source: hosted
    version: "2.1.1"
  calendar_date_picker2:
    dependency: "direct main"
    description:
      name: calendar_date_picker2
      sha256: f7ecd632260f2af6cfb72f6b7878f847b0a61821d50f26df9bd00b0a336d0cac
      url: "https://pub.dev"
    source: hosted
    version: "0.5.2"
  characters:
    dependency: transitive
    description:
      name: characters
      sha256: "04a925763edad70e8443c99234dc3328f442e811f1d8fd1a72f1c8ad0f69a605"
      url: "https://pub.dev"
    source: hosted
    version: "1.3.0"
  clock:
    dependency: transitive
    description:
      name: clock
      sha256: cb6d7f03e1de671e34607e909a7213e31d7752be4fb66a86d29fe1eb14bfb5cf
      url: "https://pub.dev"
    source: hosted
    version: "1.1.1"
  cloud_firestore:
    dependency: "direct main"
    description:
      name: cloud_firestore
      sha256: "035b91f66b60dab5eefcc217accc734020234f79d963b075699920b95334a755"
      url: "https://pub.dev"
    source: hosted
    version: "4.8.3"
  cloud_firestore_platform_interface:
    dependency: transitive
    description:
      name: cloud_firestore_platform_interface
      sha256: "86bd1865abbeb09a7d09da3e70364a09f894937270651fc611a1c6d6a9f7b02c"
      url: "https://pub.dev"
    source: hosted
    version: "5.15.3"
  cloud_firestore_web:
    dependency: transitive
    description:
      name: cloud_firestore_web
      sha256: ac2eeb2a7ab1928c3aacc30eed750fa839d6f620e112a5459e321df217be2f47
      url: "https://pub.dev"
    source: hosted
    version: "3.6.3"
  collection:
    dependency: transitive
    description:
      name: collection
      sha256: "4a07be6cb69c84d677a6c3096fcf960cc3285a8330b4603e0d463d15d9bd934c"
      url: "https://pub.dev"
    source: hosted
    version: "1.17.1"
  convert:
    dependency: transitive
    description:
      name: convert
      sha256: "0f08b14755d163f6e2134cb58222dd25ea2a2ee8a195e53983d57c075324d592"
      url: "https://pub.dev"
    source: hosted
    version: "3.1.1"
  cross_file:
    dependency: transitive
    description:
      name: cross_file
      sha256: "0b0036e8cccbfbe0555fd83c1d31a6f30b77a96b598b35a5d36dd41f718695e9"
      url: "https://pub.dev"
    source: hosted
    version: "0.3.3+4"
  crypto:
    dependency: transitive
    description:
      name: crypto
      sha256: ff625774173754681d66daaf4a448684fb04b78f902da9cb3d308c19cc5e8bab
      url: "https://pub.dev"
    source: hosted
    version: "3.0.3"
  csslib:
    dependency: transitive
    description:
      name: csslib
      sha256: "706b5707578e0c1b4b7550f64078f0a0f19dec3f50a178ffae7006b0a9ca58fb"
      url: "https://pub.dev"
    source: hosted
    version: "1.0.0"
  cupertino_icons:
    dependency: "direct main"
    description:
      name: cupertino_icons
      sha256: e35129dc44c9118cee2a5603506d823bab99c68393879edb440e0090d07586be
      url: "https://pub.dev"
    source: hosted
    version: "1.0.5"
  dart_style:
    dependency: transitive
    description:
      name: dart_style
      sha256: "1efa911ca7086affd35f463ca2fc1799584fb6aa89883cf0af8e3664d6a02d55"
      url: "https://pub.dev"
    source: hosted
    version: "2.3.2"
  day_night_time_picker:
    dependency: "direct main"
    description:
      name: day_night_time_picker
      sha256: "7bdad72e01b52cd6555d99ffe0b8e2b8854c60480bdc5bfadcc05219983794fb"
      url: "https://pub.dev"
    source: hosted
    version: "1.3.0"
  dropdown_button2:
    dependency: "direct main"
    description:
      name: dropdown_button2
      sha256: b1ba99606145f3f5898e33f7f4439b3dff2a0e9eb4abe906a8f9f668a0ea883f
      url: "https://pub.dev"
    source: hosted
    version: "2.3.4"
  elegant_notification:
    dependency: "direct main"
    description:
      name: elegant_notification
      sha256: bcc9344c63391f938a7bc70622e1c8c36c7368e3f676004dc59918cc5adc0820
      url: "https://pub.dev"
    source: hosted
    version: "1.10.1"
  fake_async:
    dependency: transitive
    description:
      name: fake_async
      sha256: "511392330127add0b769b75a987850d136345d9227c6b94c96a04cf4a391bf78"
      url: "https://pub.dev"
    source: hosted
    version: "1.3.1"
  ffi:
    dependency: transitive
    description:
      name: ffi
      sha256: ed5337a5660c506388a9f012be0288fb38b49020ce2b45fe1f8b8323fe429f99
      url: "https://pub.dev"
    source: hosted
    version: "2.0.2"
  file:
    dependency: transitive
    description:
      name: file
      sha256: "5fc22d7c25582e38ad9a8515372cd9a93834027aacf1801cf01164dac0ffa08c"
      url: "https://pub.dev"
    source: hosted
    version: "7.0.0"
  file_selector_linux:
    dependency: transitive
    description:
      name: file_selector_linux
      sha256: "770eb1ab057b5ae4326d1c24cc57710758b9a46026349d021d6311bd27580046"
      url: "https://pub.dev"
    source: hosted
    version: "0.9.2"
  file_selector_macos:
    dependency: transitive
    description:
      name: file_selector_macos
      sha256: "4ada532862917bf16e3adb3891fe3a5917a58bae03293e497082203a80909412"
      url: "https://pub.dev"
    source: hosted
    version: "0.9.3+1"
  file_selector_platform_interface:
    dependency: transitive
    description:
      name: file_selector_platform_interface
      sha256: "412705a646a0ae90f33f37acfae6a0f7cbc02222d6cd34e479421c3e74d3853c"
      url: "https://pub.dev"
    source: hosted
    version: "2.6.0"
  file_selector_windows:
    dependency: transitive
    description:
      name: file_selector_windows
      sha256: "1372760c6b389842b77156203308940558a2817360154084368608413835fc26"
      url: "https://pub.dev"
    source: hosted
    version: "0.9.3"
  firebase_auth:
    dependency: "direct main"
    description:
      name: firebase_auth
      sha256: "87216661b409575ecb1a7849da38604a0abfcb6497146b66d4832cb97a4c9e0f"
      url: "https://pub.dev"
    source: hosted
    version: "4.7.0"
  firebase_auth_platform_interface:
    dependency: transitive
    description:
      name: firebase_auth_platform_interface
      sha256: "4ab0a8997994db2b76bf0652689d7908ca935a99314857c683251bc23d31c287"
      url: "https://pub.dev"
    source: hosted
    version: "6.16.0"
  firebase_auth_web:
    dependency: transitive
    description:
      name: firebase_auth_web
      sha256: c74c5753855896b31536b9e151e34bf7eea143f0d9c209947b5f7ddc8e111989
      url: "https://pub.dev"
    source: hosted
    version: "5.6.0"
  firebase_core:
    dependency: transitive
    description:
      name: firebase_core
      sha256: "2e9324f719e90200dc7d3c4f5d2abc26052f9f2b995d3b6626c47a0dfe1c8192"
      url: "https://pub.dev"
    source: hosted
    version: "2.15.0"
  firebase_core_platform_interface:
    dependency: transitive
    description:
      name: firebase_core_platform_interface
      sha256: b63e3be6c96ef5c33bdec1aab23c91eb00696f6452f0519401d640938c94cba2
      url: "https://pub.dev"
    source: hosted
    version: "4.8.0"
  firebase_core_web:
    dependency: transitive
    description:
      name: firebase_core_web
      sha256: "0fd5c4b228de29b55fac38aed0d9e42514b3d3bd47675de52bf7f8fccaf922fa"
      url: "https://pub.dev"
    source: hosted
    version: "2.6.0"
  firebase_storage:
    dependency: "direct main"
    description:
      name: firebase_storage
      sha256: "4b747005aee0c611242cdd553f58795f51e1567d2dfd4f75692fac3f67c8c336"
      url: "https://pub.dev"
    source: hosted
    version: "11.2.5"
  firebase_storage_platform_interface:
    dependency: transitive
    description:
      name: firebase_storage_platform_interface
      sha256: c77c7b6b7d283280993c81ea8ac95552b2ae521a7bb46a95181c1482e62d1633
      url: "https://pub.dev"
    source: hosted
    version: "4.4.4"
  firebase_storage_web:
    dependency: "direct main"
    description:
      name: firebase_storage_web
      sha256: "6906245579f1af225e43df0395c9d9631cb3135cbfa3521a839196d3383bb89a"
      url: "https://pub.dev"
    source: hosted
    version: "3.6.5"
  flutter:
    dependency: "direct main"
    description: flutter
    source: sdk
    version: "0.0.0"
  flutter_colorpicker:
    dependency: "direct main"
    description:
      name: flutter_colorpicker
      sha256: "458a6ed8ea480eb16ff892aedb4b7092b2804affd7e046591fb03127e8d8ef8b"
      url: "https://pub.dev"
    source: hosted
    version: "1.0.3"
  flutter_lints:
    dependency: "direct dev"
    description:
      name: flutter_lints
      sha256: "2118df84ef0c3ca93f96123a616ae8540879991b8b57af2f81b76a7ada49b2a4"
      url: "https://pub.dev"
    source: hosted
    version: "2.0.2"
  flutter_map:
    dependency: transitive
    description:
      name: flutter_map
      sha256: f1ff0f7c897cb72531851a8c6f5b9847449c01da3550026d0a0a3734ece4d8f8
      url: "https://pub.dev"
    source: hosted
    version: "1.1.1"
  flutter_plugin_android_lifecycle:
    dependency: transitive
    description:
      name: flutter_plugin_android_lifecycle
      sha256: "950e77c2bbe1692bc0874fc7fb491b96a4dc340457f4ea1641443d0a6c1ea360"
      url: "https://pub.dev"
    source: hosted
    version: "2.0.15"
  flutter_test:
    dependency: "direct dev"
    description: flutter
    source: sdk
    version: "0.0.0"
  flutter_web_plugins:
    dependency: transitive
    description: flutter
    source: sdk
    version: "0.0.0"
  geolocator:
    dependency: transitive
    description:
      name: geolocator
      sha256: "5c23f3613f50586c0bbb2b8f970240ae66b3bd992088cf60dd5ee2e6f7dde3a8"
      url: "https://pub.dev"
    source: hosted
    version: "9.0.2"
  geolocator_android:
    dependency: transitive
    description:
      name: geolocator_android
      sha256: b06c72853c993ae533f482d81a12805d7a441f5231d9668718bc7131d7464082
      url: "https://pub.dev"
    source: hosted
    version: "4.2.0"
  geolocator_apple:
    dependency: transitive
    description:
      name: geolocator_apple
      sha256: "36527c555f4c425f7d8fa8c7c07d67b78e3ff7590d40448051959e1860c1cfb4"
      url: "https://pub.dev"
    source: hosted
    version: "2.2.7"
  geolocator_platform_interface:
    dependency: transitive
    description:
      name: geolocator_platform_interface
      sha256: af4d69231452f9620718588f41acc4cb58312368716bfff2e92e770b46ce6386
      url: "https://pub.dev"
    source: hosted
    version: "4.0.7"
  geolocator_web:
    dependency: transitive
    description:
      name: geolocator_web
      sha256: f68a122da48fcfff68bbc9846bb0b74ef651afe84a1b1f6ec20939de4d6860e1
      url: "https://pub.dev"
    source: hosted
    version: "2.1.6"
  geolocator_windows:
    dependency: transitive
    description:
      name: geolocator_windows
      sha256: f5911c88e23f48b598dd506c7c19eff0e001645bdc03bb6fecb9f4549208354d
      url: "https://pub.dev"
    source: hosted
    version: "0.1.1"
  glob:
    dependency: transitive
    description:
      name: glob
      sha256: "0e7014b3b7d4dac1ca4d6114f82bf1782ee86745b9b42a92c9289c23d8a0ab63"
      url: "https://pub.dev"
    source: hosted
    version: "2.1.2"
  google_api_headers:
    dependency: transitive
    description:
      name: google_api_headers
      sha256: "104a73abca28c65b969482077d4c98c871ac38c3dd426a1536287baec50cec01"
      url: "https://pub.dev"
    source: hosted
    version: "2.0.0"
  google_maps:
    dependency: transitive
    description:
      name: google_maps
      sha256: "555d5d736339b0478e821167ac521c810d7b51c3b2734e6802a9f046b64ea37a"
      url: "https://pub.dev"
    source: hosted
    version: "6.3.0"
  google_maps_flutter:
    dependency: transitive
    description:
      name: google_maps_flutter
      sha256: "7e35644d8a88ad86409976db8fa23ddc7d933f8239e57405e4660534be09acd2"
      url: "https://pub.dev"
    source: hosted
    version: "2.3.1"
  google_maps_flutter_android:
    dependency: transitive
    description:
      name: google_maps_flutter_android
      sha256: "9512c862df77c1f0fa5f445513dd3c57f5996f0a809dccb74e54b690ee4e3a0f"
      url: "https://pub.dev"
    source: hosted
    version: "2.4.15"
  google_maps_flutter_ios:
    dependency: transitive
    description:
      name: google_maps_flutter_ios
      sha256: a9462a433bf3ebe60aadcf4906d2d6341a270d69d3e0fcaa8eb2b64699fcfb4f
      url: "https://pub.dev"
    source: hosted
    version: "2.2.3"
  google_maps_flutter_platform_interface:
    dependency: transitive
    description:
      name: google_maps_flutter_platform_interface
      sha256: cd310faa7fba3df10ab3f852719f832eaa223e4b315ac46af986572d1cec222f
      url: "https://pub.dev"
    source: hosted
    version: "2.3.0"
  google_maps_flutter_web:
    dependency: transitive
    description:
      name: google_maps_flutter_web
      sha256: "280170a2dcac3364317b5786f0d2e3c4128fdb795bc0d87ffe56226b0cf1f57d"
      url: "https://pub.dev"
    source: hosted
    version: "0.5.1"
  html:
    dependency: transitive
    description:
      name: html
      sha256: "3a7812d5bcd2894edf53dfaf8cd640876cf6cef50a8f238745c8b8120ea74d3a"
      url: "https://pub.dev"
    source: hosted
    version: "0.15.4"
  http:
    dependency: transitive
    description:
      name: http
      sha256: "5895291c13fa8a3bd82e76d5627f69e0d85ca6a30dcac95c4ea19a5d555879c2"
      url: "https://pub.dev"
    source: hosted
    version: "0.13.6"
  http_parser:
    dependency: transitive
    description:
      name: http_parser
      sha256: "2aa08ce0341cc9b354a498388e30986515406668dbcc4f7c950c3e715496693b"
      url: "https://pub.dev"
    source: hosted
    version: "4.0.2"
  image_picker:
    dependency: "direct main"
    description:
      name: image_picker
      sha256: b6951e25b795d053a6ba03af5f710069c99349de9341af95155d52665cb4607c
      url: "https://pub.dev"
    source: hosted
    version: "0.8.9"
  image_picker_android:
    dependency: transitive
    description:
      name: image_picker_android
      sha256: d2bab152deb2547ea6f53d82ebca9b7e77386bb706e5789e815d37e08ea475bb
      url: "https://pub.dev"
    source: hosted
    version: "0.8.7+3"
  image_picker_for_web:
    dependency: "direct main"
    description:
      name: image_picker_for_web
      sha256: "869fe8a64771b7afbc99fc433a5f7be2fea4d1cb3d7c11a48b6b579eb9c797f0"
      url: "https://pub.dev"
    source: hosted
    version: "2.2.0"
  image_picker_ios:
    dependency: transitive
    description:
      name: image_picker_ios
      sha256: b3e2f21feb28b24dd73a35d7ad6e83f568337c70afab5eabac876e23803f264b
      url: "https://pub.dev"
    source: hosted
    version: "0.8.8"
  image_picker_linux:
    dependency: transitive
    description:
      name: image_picker_linux
      sha256: "02cbc21fe1706b97942b575966e5fbbeaac535e76deef70d3a242e4afb857831"
      url: "https://pub.dev"
    source: hosted
    version: "0.2.1"
  image_picker_macos:
    dependency: transitive
    description:
      name: image_picker_macos
      sha256: cee2aa86c56780c13af2c77b5f2f72973464db204569e1ba2dd744459a065af4
      url: "https://pub.dev"
    source: hosted
    version: "0.2.1"
  image_picker_platform_interface:
    dependency: transitive
    description:
      name: image_picker_platform_interface
      sha256: "7c7b96bb9413a9c28229e717e6fd1e3edd1cc5569c1778fcca060ecf729b65ee"
      url: "https://pub.dev"
    source: hosted
    version: "2.8.0"
  image_picker_windows:
    dependency: transitive
    description:
      name: image_picker_windows
      sha256: c3066601ea42113922232c7b7b3330a2d86f029f685bba99d82c30e799914952
      url: "https://pub.dev"
    source: hosted
    version: "0.2.1"
  intl:
    dependency: transitive
    description:
      name: intl
      sha256: "3bc132a9dbce73a7e4a21a17d06e1878839ffbf975568bc875c60537824b0c4d"
      url: "https://pub.dev"
    source: hosted
    version: "0.18.1"
  intl_utils:
    dependency: transitive
    description:
      name: intl_utils
      sha256: a509a2ada4d12c4dc70f9ca35c2fddf75f8b402409ac1a9e1b3dd8065681986b
      url: "https://pub.dev"
    source: hosted
    version: "2.8.3"
  js:
    dependency: transitive
    description:
      name: js
      sha256: f2c445dce49627136094980615a031419f7f3eb393237e4ecd97ac15dea343f3
      url: "https://pub.dev"
    source: hosted
    version: "0.6.7"
  js_wrapping:
    dependency: transitive
    description:
      name: js_wrapping
      sha256: e385980f7c76a8c1c9a560dfb623b890975841542471eade630b2871d243851c
      url: "https://pub.dev"
    source: hosted
    version: "0.7.4"
  latlong2:
    dependency: transitive
    description:
      name: latlong2
      sha256: "08ef7282ba9f76e8495e49e2dc4d653015ac929dce5f92b375a415d30b407ea0"
      url: "https://pub.dev"
    source: hosted
    version: "0.8.2"
  lints:
    dependency: transitive
    description:
      name: lints
      sha256: "0a217c6c989d21039f1498c3ed9f3ed71b354e69873f13a8dfc3c9fe76f1b452"
      url: "https://pub.dev"
    source: hosted
    version: "2.1.1"
  lists:
    dependency: transitive
    description:
      name: lists
      sha256: "4ca5c19ae4350de036a7e996cdd1ee39c93ac0a2b840f4915459b7d0a7d4ab27"
      url: "https://pub.dev"
    source: hosted
    version: "1.0.1"
  logger:
    dependency: transitive
    description:
      name: logger
      sha256: "7ad7215c15420a102ec687bb320a7312afd449bac63bfb1c60d9787c27b9767f"
      url: "https://pub.dev"
    source: hosted
    version: "1.4.0"
  map_location_picker:
    dependency: "direct main"
    description:
      name: map_location_picker
      sha256: c9f0f2179a8f15c1aa9c06c16b0c233ca50e37292afe2a1285c92c02ceca7158
      url: "https://pub.dev"
    source: hosted
    version: "0.0.1"
  map_picker_free:
    dependency: "direct main"
    description:
      name: map_picker_free
      sha256: "94686565e949210b5e3a5e53dc7710a55aca140195d6b140545deccfac3acf63"
      url: "https://pub.dev"
    source: hosted
    version: "0.0.1"
  matcher:
    dependency: transitive
    description:
      name: matcher
      sha256: "6501fbd55da300384b768785b83e5ce66991266cec21af89ab9ae7f5ce1c4cbb"
      url: "https://pub.dev"
    source: hosted
    version: "0.12.15"
  material_color_utilities:
    dependency: transitive
    description:
      name: material_color_utilities
      sha256: d92141dc6fe1dad30722f9aa826c7fbc896d021d792f80678280601aff8cf724
      url: "https://pub.dev"
    source: hosted
    version: "0.2.0"
  meta:
    dependency: transitive
    description:
      name: meta
      sha256: "3c74dbf8763d36539f114c799d8a2d87343b5067e9d796ca22b5eb8437090ee3"
      url: "https://pub.dev"
    source: hosted
    version: "1.9.1"
  mgrs_dart:
    dependency: transitive
    description:
      name: mgrs_dart
      sha256: fb89ae62f05fa0bb90f70c31fc870bcbcfd516c843fb554452ab3396f78586f7
      url: "https://pub.dev"
    source: hosted
    version: "2.0.0"
  mime:
    dependency: transitive
    description:
      name: mime
      sha256: e4ff8e8564c03f255408decd16e7899da1733852a9110a58fe6d1b817684a63e
      url: "https://pub.dev"
    source: hosted
    version: "1.0.4"
  nested:
    dependency: transitive
    description:
      name: nested
      sha256: "03bac4c528c64c95c722ec99280375a6f2fc708eec17c7b3f07253b626cd2a20"
      url: "https://pub.dev"
    source: hosted
    version: "1.0.0"
  package_config:
    dependency: transitive
    description:
      name: package_config
      sha256: "1c5b77ccc91e4823a5af61ee74e6b972db1ef98c2ff5a18d3161c982a55448bd"
      url: "https://pub.dev"
    source: hosted
    version: "2.1.0"
  package_info:
    dependency: transitive
    description:
      name: package_info
      sha256: "6c07d9d82c69e16afeeeeb6866fe43985a20b3b50df243091bfc4a4ad2b03b75"
      url: "https://pub.dev"
    source: hosted
    version: "2.0.2"
  package_info_plus:
    dependency: transitive
    description:
      name: package_info_plus
      sha256: ceb027f6bc6a60674a233b4a90a7658af1aebdea833da0b5b53c1e9821a78c7b
      url: "https://pub.dev"
    source: hosted
    version: "4.0.2"
  package_info_plus_platform_interface:
    dependency: transitive
    description:
      name: package_info_plus_platform_interface
      sha256: "9bc8ba46813a4cc42c66ab781470711781940780fd8beddd0c3da62506d3a6c6"
      url: "https://pub.dev"
    source: hosted
    version: "2.0.1"
  path:
    dependency: transitive
    description:
      name: path
      sha256: "8829d8a55c13fc0e37127c29fedf290c102f4e40ae94ada574091fe0ff96c917"
      url: "https://pub.dev"
    source: hosted
    version: "1.8.3"
  permission_handler:
    dependency: transitive
    description:
      name: permission_handler
      sha256: "63e5216aae014a72fe9579ccd027323395ce7a98271d9defa9d57320d001af81"
      url: "https://pub.dev"
    source: hosted
    version: "10.4.3"
  permission_handler_android:
    dependency: transitive
    description:
      name: permission_handler_android
      sha256: c0c9754479a4c4b1c1f3862ddc11930c9b3f03bef2816bb4ea6eed1e13551d6f
      url: "https://pub.dev"
    source: hosted
    version: "10.3.2"
  permission_handler_apple:
    dependency: transitive
    description:
      name: permission_handler_apple
      sha256: "99e220bce3f8877c78e4ace901082fb29fa1b4ebde529ad0932d8d664b34f3f5"
      url: "https://pub.dev"
    source: hosted
    version: "9.1.4"
  permission_handler_platform_interface:
    dependency: transitive
    description:
      name: permission_handler_platform_interface
      sha256: "7c6b1500385dd1d2ca61bb89e2488ca178e274a69144d26bbd65e33eae7c02a9"
      url: "https://pub.dev"
    source: hosted
    version: "3.11.3"
  permission_handler_windows:
    dependency: transitive
    description:
      name: permission_handler_windows
      sha256: cc074aace208760f1eee6aa4fae766b45d947df85bc831cde77009cdb4720098
      url: "https://pub.dev"
    source: hosted
    version: "0.1.3"
  petitparser:
    dependency: transitive
    description:
      name: petitparser
      sha256: cb3798bef7fc021ac45b308f4b51208a152792445cce0448c9a4ba5879dd8750
      url: "https://pub.dev"
    source: hosted
    version: "5.4.0"
  platform:
    dependency: transitive
    description:
      name: platform
      sha256: "4a451831508d7d6ca779f7ac6e212b4023dd5a7d08a27a63da33756410e32b76"
      url: "https://pub.dev"
    source: hosted
    version: "3.1.0"
  plugin_platform_interface:
    dependency: transitive
    description:
      name: plugin_platform_interface
      sha256: "6a2128648c854906c53fa8e33986fc0247a1116122f9534dd20e3ab9e16a32bc"
      url: "https://pub.dev"
    source: hosted
    version: "2.1.4"
  pointycastle:
    dependency: transitive
    description:
      name: pointycastle
      sha256: "7c1e5f0d23c9016c5bbd8b1473d0d3fb3fc851b876046039509e18e0c7485f2c"
      url: "https://pub.dev"
    source: hosted
    version: "3.7.3"
  polylabel:
    dependency: transitive
    description:
      name: polylabel
      sha256: "41b9099afb2aa6c1730bdd8a0fab1400d287694ec7615dd8516935fa3144214b"
      url: "https://pub.dev"
    source: hosted
    version: "1.0.1"
  positioned_tap_detector_2:
    dependency: transitive
    description:
      name: positioned_tap_detector_2
      sha256: "52e06863ad3e1f82b058fd05054fc8c9caeeb3b47d5cea7a24bd9320746059c1"
      url: "https://pub.dev"
    source: hosted
    version: "1.0.4"
  proj4dart:
    dependency: transitive
    description:
      name: proj4dart
      sha256: c8a659ac9b6864aa47c171e78d41bbe6f5e1d7bd790a5814249e6b68bc44324e
      url: "https://pub.dev"
    source: hosted
    version: "2.1.0"
  provider:
    dependency: transitive
    description:
      name: provider
      sha256: cdbe7530b12ecd9eb455bdaa2fcb8d4dad22e80b8afb4798b41479d5ce26847f
      url: "https://pub.dev"
    source: hosted
    version: "6.0.5"
  pub_semver:
    dependency: transitive
    description:
      name: pub_semver
      sha256: "40d3ab1bbd474c4c2328c91e3a7df8c6dd629b79ece4c4bd04bee496a224fb0c"
      url: "https://pub.dev"
    source: hosted
    version: "2.1.4"
  sanitize_html:
    dependency: transitive
    description:
      name: sanitize_html
      sha256: "0a445f19bbaa196f5a4f93461aa066b94e6e025622eb1e9bc77872a5e25233a5"
      url: "https://pub.dev"
    source: hosted
    version: "2.0.0"
  sky_engine:
    dependency: transitive
    description: flutter
    source: sdk
    version: "0.0.99"
  source_span:
    dependency: transitive
    description:
      name: source_span
      sha256: dd904f795d4b4f3b870833847c461801f6750a9fa8e61ea5ac53f9422b31f250
      url: "https://pub.dev"
    source: hosted
    version: "1.9.1"
  stack_trace:
    dependency: transitive
    description:
      name: stack_trace
      sha256: c3c7d8edb15bee7f0f74debd4b9c5f3c2ea86766fe4178eb2a18eb30a0bdaed5
      url: "https://pub.dev"
    source: hosted
    version: "1.11.0"
  stream_channel:
    dependency: transitive
    description:
      name: stream_channel
      sha256: "83615bee9045c1d322bbbd1ba209b7a749c2cbcdcb3fdd1df8eb488b3279c1c8"
      url: "https://pub.dev"
    source: hosted
    version: "2.1.1"
  stream_transform:
    dependency: transitive
    description:
      name: stream_transform
      sha256: "14a00e794c7c11aa145a170587321aedce29769c08d7f58b1d141da75e3b1c6f"
      url: "https://pub.dev"
    source: hosted
    version: "2.1.0"
  string_scanner:
    dependency: transitive
    description:
      name: string_scanner
      sha256: "556692adab6cfa87322a115640c11f13cb77b3f076ddcc5d6ae3c20242bedcde"
      url: "https://pub.dev"
    source: hosted
    version: "1.2.0"
  switcher_button:
    dependency: "direct main"
    description:
      name: switcher_button
      sha256: "532fa81813faf0fd21f233b75e0ca955512b86b6f784fd33804a5ababa4ac71b"
      url: "https://pub.dev"
    source: hosted
    version: "0.0.4"
  syncfusion_flutter_calendar:
    dependency: "direct main"
    description:
      name: syncfusion_flutter_calendar
      sha256: "31eb2bca4656dac4cd208b41ef0687e19b582272bc40414d7000384c1c9b5cae"
      url: "https://pub.dev"
    source: hosted
    version: "21.2.10"
  syncfusion_flutter_core:
    dependency: transitive
    description:
      name: syncfusion_flutter_core
      sha256: "8db8f55c77f56968681447d3837c10f27a9e861e238a898fda116c7531def979"
      url: "https://pub.dev"
    source: hosted
    version: "21.2.10"
  syncfusion_flutter_datepicker:
    dependency: transitive
    description:
      name: syncfusion_flutter_datepicker
      sha256: "6b0dacfe2f968de2b9107e2dc24fcaa2499415ae655df8f0d3ad0356eb090213"
      url: "https://pub.dev"
    source: hosted
    version: "21.2.10"
  term_glyph:
    dependency: transitive
    description:
      name: term_glyph
      sha256: a29248a84fbb7c79282b40b8c72a1209db169a2e0542bce341da992fe1bc7e84
      url: "https://pub.dev"
    source: hosted
    version: "1.2.1"
  test_api:
    dependency: transitive
    description:
      name: test_api
      sha256: eb6ac1540b26de412b3403a163d919ba86f6a973fe6cc50ae3541b80092fdcfb
      url: "https://pub.dev"
    source: hosted
    version: "0.5.1"
  timezone:
    dependency: transitive
    description:
      name: timezone
      sha256: "1cfd8ddc2d1cfd836bc93e67b9be88c3adaeca6f40a00ca999104c30693cdca0"
      url: "https://pub.dev"
    source: hosted
    version: "0.9.2"
  tuple:
    dependency: transitive
    description:
      name: tuple
      sha256: a97ce2013f240b2f3807bcbaf218765b6f301c3eff91092bcfa23a039e7dd151
      url: "https://pub.dev"
    source: hosted
    version: "2.0.2"
  typed_data:
    dependency: transitive
    description:
      name: typed_data
      sha256: facc8d6582f16042dd49f2463ff1bd6e2c9ef9f3d5da3d9b087e244a7b564b3c
      url: "https://pub.dev"
    source: hosted
    version: "1.3.2"
  unicode:
    dependency: transitive
    description:
      name: unicode
      sha256: "0f69e46593d65245774d4f17125c6084d2c20b4e473a983f6e21b7d7762218f1"
      url: "https://pub.dev"
    source: hosted
    version: "0.3.1"
  url_launcher:
    dependency: transitive
    description:
      name: url_launcher
      sha256: "781bd58a1eb16069412365c98597726cd8810ae27435f04b3b4d3a470bacd61e"
      url: "https://pub.dev"
    source: hosted
    version: "6.1.12"
  url_launcher_android:
    dependency: transitive
    description:
      name: url_launcher_android
      sha256: "15f5acbf0dce90146a0f5a2c4a002b1814a6303c4c5c075aa2623b2d16156f03"
      url: "https://pub.dev"
    source: hosted
    version: "6.0.36"
  url_launcher_ios:
    dependency: transitive
    description:
      name: url_launcher_ios
      sha256: "9af7ea73259886b92199f9e42c116072f05ff9bea2dcb339ab935dfc957392c2"
      url: "https://pub.dev"
    source: hosted
    version: "6.1.4"
  url_launcher_linux:
    dependency: transitive
    description:
      name: url_launcher_linux
      sha256: "207f4ddda99b95b4d4868320a352d374b0b7e05eefad95a4a26f57da413443f5"
      url: "https://pub.dev"
    source: hosted
    version: "3.0.5"
  url_launcher_macos:
    dependency: transitive
    description:
      name: url_launcher_macos
      sha256: "1c4fdc0bfea61a70792ce97157e5cc17260f61abbe4f39354513f39ec6fd73b1"
      url: "https://pub.dev"
    source: hosted
    version: "3.0.6"
  url_launcher_platform_interface:
    dependency: transitive
    description:
      name: url_launcher_platform_interface
      sha256: bfdfa402f1f3298637d71ca8ecfe840b4696698213d5346e9d12d4ab647ee2ea
      url: "https://pub.dev"
    source: hosted
    version: "2.1.3"
  url_launcher_web:
    dependency: transitive
    description:
      name: url_launcher_web
      sha256: cc26720eefe98c1b71d85f9dc7ef0cada5132617046369d9dc296b3ecaa5cbb4
      url: "https://pub.dev"
    source: hosted
    version: "2.0.18"
  url_launcher_windows:
    dependency: transitive
    description:
      name: url_launcher_windows
      sha256: "7967065dd2b5fccc18c653b97958fdf839c5478c28e767c61ee879f4e7882422"
      url: "https://pub.dev"
    source: hosted
    version: "3.0.7"
  uuid:
    dependency: transitive
    description:
      name: uuid
      sha256: "648e103079f7c64a36dc7d39369cabb358d377078a051d6ae2ad3aa539519313"
      url: "https://pub.dev"
    source: hosted
    version: "3.0.7"
  vector_math:
    dependency: transitive
    description:
      name: vector_math
      sha256: "80b3257d1492ce4d091729e3a67a60407d227c27241d6927be0130c98e741803"
      url: "https://pub.dev"
    source: hosted
    version: "2.1.4"
  watcher:
    dependency: transitive
    description:
      name: watcher
      sha256: "3d2ad6751b3c16cf07c7fca317a1413b3f26530319181b37e3b9039b84fc01d8"
      url: "https://pub.dev"
    source: hosted
    version: "1.1.0"
  win32:
    dependency: transitive
    description:
      name: win32
      sha256: dfdf0136e0aa7a1b474ea133e67cb0154a0acd2599c4f3ada3b49d38d38793ee
      url: "https://pub.dev"
    source: hosted
    version: "5.0.5"
  wkt_parser:
    dependency: transitive
    description:
      name: wkt_parser
      sha256: "8a555fc60de3116c00aad67891bcab20f81a958e4219cc106e3c037aa3937f13"
      url: "https://pub.dev"
    source: hosted
    version: "2.0.0"
  yaml:
    dependency: transitive
    description:
      name: yaml
      sha256: "75769501ea3489fca56601ff33454fe45507ea3bfb014161abc3b43ae25989d5"
      url: "https://pub.dev"
    source: hosted
    version: "3.1.2"
sdks:
  dart: ">=3.0.0 <4.0.0"
  flutter: ">=3.10.0"
